
Microsoft Visual Studio Solution File, Format Version 12.00
# Visual Studio Version 17
VisualStudioVersion = 17.3.32811.315
MinimumVisualStudioVersion = 10.0.40219.1
Project("{FAE04EC0-301F-11D3-BF4B-00C04F79EFBC}") = "aks-webapp", "aks-webapp\aks-webapp.csproj", "{B33B583B-E38D-425A-9813-032137C0568E}"
EndProject
Global
	GlobalSection(SolutionConfigurationPlatforms) = preSolution
		Debug|Any CPU = Debug|Any CPU
		Release|Any CPU = Release|Any CPU
	EndGlobalSection
	GlobalSection(ProjectConfigurationPlatforms) = postSolution
		{B33B583B-E38D-425A-9813-032137C0568E}.Debug|Any CPU.ActiveCfg = Debug|Any CPU
		{B33B583B-E38D-425A-9813-032137C0568E}.Debug|Any CPU.Build.0 = Debug|Any CPU
		{B33B583B-E38D-425A-9813-032137C0568E}.Release|Any CPU.ActiveCfg = Release|Any CPU
		{B33B583B-E38D-425A-9813-032137C0568E}.Release|Any CPU.Build.0 = Release|Any CPU
	EndGlobalSection
	GlobalSection(SolutionProperties) = preSolution
		HideSolutionNode = FALSE
	EndGlobalSection
	GlobalSection(ExtensibilityGlobals) = postSolution
		SolutionGuid = {B5C9CEB9-ED20-4211-83E2-C2FAD90DD480}
	EndGlobalSection
EndGlobal
